
Microsoft Visual Studio Solution File, Format Version 12.00
# Visual Studio Version 16
VisualStudioVersion = 16.0.30717.126
MinimumVisualStudioVersion = 10.0.40219.1
Project("{FAE04EC0-301F-11D3-BF4B-00C04F79EFBC}") = "CampusMindAPI", "CampusMindAPI\CampusMindAPI.csproj", "{0350F28C-B85F-4113-9998-6B1E4A72C4E7}"
EndProject
Project("{FAE04EC0-301F-11D3-BF4B-00C04F79EFBC}") = "CampusMindEntity", "CampusMindEntity\CampusMindEntity.csproj", "{B13A1ED6-7FCE-4B78-9EF8-D48AF00B09A5}"
EndProject
Global
	GlobalSection(SolutionConfigurationPlatforms) = preSolution
		Debug|Any CPU = Debug|Any CPU
		Release|Any CPU = Release|Any CPU
	EndGlobalSection
	GlobalSection(ProjectConfigurationPlatforms) = postSolution
		{0350F28C-B85F-4113-9998-6B1E4A72C4E7}.Debug|Any CPU.ActiveCfg = Debug|Any CPU
		{0350F28C-B85F-4113-9998-6B1E4A72C4E7}.Debug|Any CPU.Build.0 = Debug|Any CPU
		{0350F28C-B85F-4113-9998-6B1E4A72C4E7}.Release|Any CPU.ActiveCfg = Release|Any CPU
		{0350F28C-B85F-4113-9998-6B1E4A72C4E7}.Release|Any CPU.Build.0 = Release|Any CPU
		{B13A1ED6-7FCE-4B78-9EF8-D48AF00B09A5}.Debug|Any CPU.ActiveCfg = Debug|Any CPU
		{B13A1ED6-7FCE-4B78-9EF8-D48AF00B09A5}.Debug|Any CPU.Build.0 = Debug|Any CPU
		{B13A1ED6-7FCE-4B78-9EF8-D48AF00B09A5}.Release|Any CPU.ActiveCfg = Release|Any CPU
		{B13A1ED6-7FCE-4B78-9EF8-D48AF00B09A5}.Release|Any CPU.Build.0 = Release|Any CPU
	EndGlobalSection
	GlobalSection(SolutionProperties) = preSolution
		HideSolutionNode = FALSE
	EndGlobalSection
	GlobalSection(ExtensibilityGlobals) = postSolution
		SolutionGuid = {A111EB65-1E18-4BC5-9625-A76916C7E193}
	EndGlobalSection
EndGlobal
